
Microsoft Visual Studio Solution File, Format Version 12.00
# Visual Studio Version 17
VisualStudioVersion = 17.10.35027.167
MinimumVisualStudioVersion = 10.0.40219.1
Project("{2150E333-8FDC-42A3-9474-1A3956D46DE8}") = "Application", "Application", "{A338BE32-4447-440C-8D34-8DE75A109985}"
EndProject
Project("{2150E333-8FDC-42A3-9474-1A3956D46DE8}") = "Domain", "Domain", "{0D9FBF37-9421-4992-B1E1-3F725DCF8541}"
EndProject
Project("{2150E333-8FDC-42A3-9474-1A3956D46DE8}") = "Infra.Data", "Infra.Data", "{24AB7448-9BE3-4C4F-8378-09D946EA568D}"
EndProject
Project("{2150E333-8FDC-42A3-9474-1A3956D46DE8}") = "Infra.loC", "Infra.loC", "{FDF4C538-651D-4FE0-8131-61E739D2FB58}"
EndProject
Project("{2150E333-8FDC-42A3-9474-1A3956D46DE8}") = "Presentation", "Presentation", "{6D9ABB0C-36E8-477A-9992-BC876F1A7326}"
EndProject
Project("{9A19103F-16F7-4668-BE54-9A1E7A4F7556}") = "CleanArch.Mvc", "CleanArch.Mvc\CleanArch.Mvc.csproj", "{D158040B-9A27-441E-AD37-058E13E29114}"
	ProjectSection(ProjectDependencies) = postProject
		{449388B8-6421-4B5D-9DB4-58E48214712E} = {449388B8-6421-4B5D-9DB4-58E48214712E}
		{AF1D0B05-F445-4B09-865C-4A70EF3B9A3B} = {AF1D0B05-F445-4B09-865C-4A70EF3B9A3B}
	EndProjectSection
EndProject
Project("{9A19103F-16F7-4668-BE54-9A1E7A4F7556}") = "CleanArch.Domain", "CleanArch.Domain\CleanArch.Domain.csproj", "{449388B8-6421-4B5D-9DB4-58E48214712E}"
EndProject
Project("{9A19103F-16F7-4668-BE54-9A1E7A4F7556}") = "CleanArch.Infra.Data", "CleanArch.Infra.Data\CleanArch.Infra.Data.csproj", "{CF3A4F67-3FD1-4107-A062-93A11D9E67D2}"
EndProject
Project("{9A19103F-16F7-4668-BE54-9A1E7A4F7556}") = "CleanArch.Application", "CleanArch.Application\CleanArch.Application.csproj", "{AF1D0B05-F445-4B09-865C-4A70EF3B9A3B}"
EndProject
Project("{9A19103F-16F7-4668-BE54-9A1E7A4F7556}") = "CleanArch.Infra.loC", "CleanArch.Infra.loC\CleanArch.Infra.loC.csproj", "{9A85427C-ADB9-408C-AB5C-B34F9B205D00}"
EndProject
Project("{2150E333-8FDC-42A3-9474-1A3956D46DE8}") = "Infra.Bus", "Infra.Bus", "{FDD57994-2380-4D5C-A207-77780729CABC}"
EndProject
Project("{2150E333-8FDC-42A3-9474-1A3956D46DE8}") = "Api", "Api", "{0609EF83-20DE-4EE8-B761-DE4305D44C93}"
EndProject
Project("{9A19103F-16F7-4668-BE54-9A1E7A4F7556}") = "CleanArch.Infra.Bus", "CleanArch.Infra.Bus\CleanArch.Infra.Bus.csproj", "{9621955D-BB75-4DDE-8648-704D7B2EE753}"
EndProject
Project("{9A19103F-16F7-4668-BE54-9A1E7A4F7556}") = "CleanArch.Domain.Core", "CleanArch.Domain.Core\CleanArch.Domain.Core.csproj", "{F9411801-C719-4B0B-8589-8D6B49BA6A01}"
EndProject
Project("{FAE04EC0-301F-11D3-BF4B-00C04F79EFBC}") = "CleanArch.Api2", "CleanArch.Api2\CleanArch.Api2.csproj", "{B6C501D3-AB22-4943-9641-F2927E085BD1}"
EndProject
Global
	GlobalSection(SolutionConfigurationPlatforms) = preSolution
		Debug|Any CPU = Debug|Any CPU
		Release|Any CPU = Release|Any CPU
	EndGlobalSection
	GlobalSection(ProjectConfigurationPlatforms) = postSolution
		{D158040B-9A27-441E-AD37-058E13E29114}.Debug|Any CPU.ActiveCfg = Debug|Any CPU
		{D158040B-9A27-441E-AD37-058E13E29114}.Debug|Any CPU.Build.0 = Debug|Any CPU
		{D158040B-9A27-441E-AD37-058E13E29114}.Release|Any CPU.ActiveCfg = Release|Any CPU
		{D158040B-9A27-441E-AD37-058E13E29114}.Release|Any CPU.Build.0 = Release|Any CPU
		{449388B8-6421-4B5D-9DB4-58E48214712E}.Debug|Any CPU.ActiveCfg = Debug|Any CPU
		{449388B8-6421-4B5D-9DB4-58E48214712E}.Debug|Any CPU.Build.0 = Debug|Any CPU
		{449388B8-6421-4B5D-9DB4-58E48214712E}.Release|Any CPU.ActiveCfg = Release|Any CPU
		{449388B8-6421-4B5D-9DB4-58E48214712E}.Release|Any CPU.Build.0 = Release|Any CPU
		{CF3A4F67-3FD1-4107-A062-93A11D9E67D2}.Debug|Any CPU.ActiveCfg = Debug|Any CPU
		{CF3A4F67-3FD1-4107-A062-93A11D9E67D2}.Debug|Any CPU.Build.0 = Debug|Any CPU
		{CF3A4F67-3FD1-4107-A062-93A11D9E67D2}.Release|Any CPU.ActiveCfg = Release|Any CPU
		{CF3A4F67-3FD1-4107-A062-93A11D9E67D2}.Release|Any CPU.Build.0 = Release|Any CPU
		{AF1D0B05-F445-4B09-865C-4A70EF3B9A3B}.Debug|Any CPU.ActiveCfg = Debug|Any CPU
		{AF1D0B05-F445-4B09-865C-4A70EF3B9A3B}.Debug|Any CPU.Build.0 = Debug|Any CPU
		{AF1D0B05-F445-4B09-865C-4A70EF3B9A3B}.Release|Any CPU.ActiveCfg = Release|Any CPU
		{AF1D0B05-F445-4B09-865C-4A70EF3B9A3B}.Release|Any CPU.Build.0 = Release|Any CPU
		{9A85427C-ADB9-408C-AB5C-B34F9B205D00}.Debug|Any CPU.ActiveCfg = Debug|Any CPU
		{9A85427C-ADB9-408C-AB5C-B34F9B205D00}.Debug|Any CPU.Build.0 = Debug|Any CPU
		{9A85427C-ADB9-408C-AB5C-B34F9B205D00}.Release|Any CPU.ActiveCfg = Release|Any CPU
		{9A85427C-ADB9-408C-AB5C-B34F9B205D00}.Release|Any CPU.Build.0 = Release|Any CPU
		{9621955D-BB75-4DDE-8648-704D7B2EE753}.Debug|Any CPU.ActiveCfg = Debug|Any CPU
		{9621955D-BB75-4DDE-8648-704D7B2EE753}.Debug|Any CPU.Build.0 = Debug|Any CPU
		{9621955D-BB75-4DDE-8648-704D7B2EE753}.Release|Any CPU.ActiveCfg = Release|Any CPU
		{9621955D-BB75-4DDE-8648-704D7B2EE753}.Release|Any CPU.Build.0 = Release|Any CPU
		{F9411801-C719-4B0B-8589-8D6B49BA6A01}.Debug|Any CPU.ActiveCfg = Debug|Any CPU
		{F9411801-C719-4B0B-8589-8D6B49BA6A01}.Debug|Any CPU.Build.0 = Debug|Any CPU
		{F9411801-C719-4B0B-8589-8D6B49BA6A01}.Release|Any CPU.ActiveCfg = Release|Any CPU
		{F9411801-C719-4B0B-8589-8D6B49BA6A01}.Release|Any CPU.Build.0 = Release|Any CPU
		{B6C501D3-AB22-4943-9641-F2927E085BD1}.Debug|Any CPU.ActiveCfg = Debug|Any CPU
		{B6C501D3-AB22-4943-9641-F2927E085BD1}.Debug|Any CPU.Build.0 = Debug|Any CPU
		{B6C501D3-AB22-4943-9641-F2927E085BD1}.Release|Any CPU.ActiveCfg = Release|Any CPU
		{B6C501D3-AB22-4943-9641-F2927E085BD1}.Release|Any CPU.Build.0 = Release|Any CPU
	EndGlobalSection
	GlobalSection(SolutionProperties) = preSolution
		HideSolutionNode = FALSE
	EndGlobalSection
	GlobalSection(NestedProjects) = preSolution
		{D158040B-9A27-441E-AD37-058E13E29114} = {6D9ABB0C-36E8-477A-9992-BC876F1A7326}
		{449388B8-6421-4B5D-9DB4-58E48214712E} = {0D9FBF37-9421-4992-B1E1-3F725DCF8541}
		{CF3A4F67-3FD1-4107-A062-93A11D9E67D2} = {24AB7448-9BE3-4C4F-8378-09D946EA568D}
		{AF1D0B05-F445-4B09-865C-4A70EF3B9A3B} = {A338BE32-4447-440C-8D34-8DE75A109985}
		{9A85427C-ADB9-408C-AB5C-B34F9B205D00} = {FDF4C538-651D-4FE0-8131-61E739D2FB58}
		{9621955D-BB75-4DDE-8648-704D7B2EE753} = {FDD57994-2380-4D5C-A207-77780729CABC}
		{F9411801-C719-4B0B-8589-8D6B49BA6A01} = {0D9FBF37-9421-4992-B1E1-3F725DCF8541}
		{B6C501D3-AB22-4943-9641-F2927E085BD1} = {0609EF83-20DE-4EE8-B761-DE4305D44C93}
	EndGlobalSection
	GlobalSection(ExtensibilityGlobals) = postSolution
		SolutionGuid = {BCA54BC1-1DA1-4A74-B716-DD2B1C9FD9D8}
	EndGlobalSection
EndGlobal
