
Microsoft Visual Studio Solution File, Format Version 12.00
# Visual Studio Version 17
VisualStudioVersion = 17.13.35828.75
MinimumVisualStudioVersion = 10.0.40219.1
Project("{FAE04EC0-301F-11D3-BF4B-00C04F79EFBC}") = "Lab01_Framework", "Lab01_Framework\Lab01_Framework.csproj", "{A8A78E43-D499-4B5E-8760-4B2B5793D712}"
EndProject
Project("{FAE04EC0-301F-11D3-BF4B-00C04F79EFBC}") = "Lab01_NET8", "Lab01_NET8\Lab01_NET8.csproj", "{26086173-68D2-4E03-B159-AE0784055019}"
EndProject
Project("{FAE04EC0-301F-11D3-BF4B-00C04F79EFBC}") = "Lab01_DBM", "Lab01_DBM\Lab01_DBM.csproj", "{44145577-990A-4F28-AE5C-C2F66152C942}"
EndProject
Project("{2150E333-8FDC-42A3-9474-1A3956D46DE8}") = "lab2", "lab2", "{02EA681E-C7D8-13C7-8484-4AC65E1B71E8}"
EndProject
Project("{FAE04EC0-301F-11D3-BF4B-00C04F79EFBC}") = "Lab02_01", "lab2\Lab02_01\Lab02_01.csproj", "{1A7F4AB9-0993-4E2B-805E-EC2F0A48C718}"
EndProject
Project("{FAE04EC0-301F-11D3-BF4B-00C04F79EFBC}") = "Lab02_02", "lab2\Lab02_02\Lab02_02.csproj", "{584B28A0-8FB8-4D6F-B1DD-463DACA48EC1}"
EndProject
Project("{FAE04EC0-301F-11D3-BF4B-00C04F79EFBC}") = "Lab02_03_NET8", "lab2\Lab02_03_NET8\Lab02_03_NET8.csproj", "{88BDB566-274D-4658-874A-24EE81DD8F4E}"
EndProject
Project("{FAE04EC0-301F-11D3-BF4B-00C04F79EFBC}") = "Lab02_04_NET8", "lab2\Lab02_04_NET8\Lab02_04_NET8.csproj", "{371545AC-AE56-4A1A-9D3D-78EB3C137E41}"
EndProject
Project("{FAE04EC0-301F-11D3-BF4B-00C04F79EFBC}") = "Lab02_05_NET8", "lab2\Lab02_05_NET8\Lab02_05_NET8.csproj", "{B8516F13-FDAD-4582-974D-3E53A1B98202}"
EndProject
Project("{FAE04EC0-301F-11D3-BF4B-00C04F79EFBC}") = "Lab02_06_NET8", "lab2\Lab02_06_NET8\Lab02_06_NET8.csproj", "{0FAE9047-727D-4A81-97A9-ABA7039BC395}"
EndProject
Project("{FAE04EC0-301F-11D3-BF4B-00C04F79EFBC}") = "Lab02_07_NET8", "lab2\Lab02_07_NET8\Lab02_07_NET8.csproj", "{E884E39E-211C-4F88-A503-024EA7D85EB0}"
EndProject
Project("{FAE04EC0-301F-11D3-BF4B-00C04F79EFBC}") = "Lab02_08_NET8", "lab2\Lab02_08_NET8\Lab02_08_NET8.csproj", "{9A57D319-0FB8-4882-B521-878A3865A526}"
EndProject
Global
	GlobalSection(SolutionConfigurationPlatforms) = preSolution
		Debug|Any CPU = Debug|Any CPU
		Release|Any CPU = Release|Any CPU
	EndGlobalSection
	GlobalSection(ProjectConfigurationPlatforms) = postSolution
		{A8A78E43-D499-4B5E-8760-4B2B5793D712}.Debug|Any CPU.ActiveCfg = Debug|Any CPU
		{A8A78E43-D499-4B5E-8760-4B2B5793D712}.Release|Any CPU.ActiveCfg = Release|Any CPU
		{A8A78E43-D499-4B5E-8760-4B2B5793D712}.Release|Any CPU.Build.0 = Release|Any CPU
		{26086173-68D2-4E03-B159-AE0784055019}.Debug|Any CPU.ActiveCfg = Debug|Any CPU
		{26086173-68D2-4E03-B159-AE0784055019}.Release|Any CPU.ActiveCfg = Release|Any CPU
		{26086173-68D2-4E03-B159-AE0784055019}.Release|Any CPU.Build.0 = Release|Any CPU
		{44145577-990A-4F28-AE5C-C2F66152C942}.Debug|Any CPU.ActiveCfg = Debug|Any CPU
		{44145577-990A-4F28-AE5C-C2F66152C942}.Release|Any CPU.ActiveCfg = Release|Any CPU
		{44145577-990A-4F28-AE5C-C2F66152C942}.Release|Any CPU.Build.0 = Release|Any CPU
		{1A7F4AB9-0993-4E2B-805E-EC2F0A48C718}.Debug|Any CPU.ActiveCfg = Debug|Any CPU
		{1A7F4AB9-0993-4E2B-805E-EC2F0A48C718}.Release|Any CPU.ActiveCfg = Release|Any CPU
		{1A7F4AB9-0993-4E2B-805E-EC2F0A48C718}.Release|Any CPU.Build.0 = Release|Any CPU
		{584B28A0-8FB8-4D6F-B1DD-463DACA48EC1}.Debug|Any CPU.ActiveCfg = Debug|Any CPU
		{584B28A0-8FB8-4D6F-B1DD-463DACA48EC1}.Debug|Any CPU.Build.0 = Debug|Any CPU
		{584B28A0-8FB8-4D6F-B1DD-463DACA48EC1}.Release|Any CPU.ActiveCfg = Release|Any CPU
		{584B28A0-8FB8-4D6F-B1DD-463DACA48EC1}.Release|Any CPU.Build.0 = Release|Any CPU
		{88BDB566-274D-4658-874A-24EE81DD8F4E}.Debug|Any CPU.ActiveCfg = Debug|Any CPU
		{88BDB566-274D-4658-874A-24EE81DD8F4E}.Debug|Any CPU.Build.0 = Debug|Any CPU
		{88BDB566-274D-4658-874A-24EE81DD8F4E}.Release|Any CPU.ActiveCfg = Release|Any CPU
		{88BDB566-274D-4658-874A-24EE81DD8F4E}.Release|Any CPU.Build.0 = Release|Any CPU
		{371545AC-AE56-4A1A-9D3D-78EB3C137E41}.Debug|Any CPU.ActiveCfg = Debug|Any CPU
		{371545AC-AE56-4A1A-9D3D-78EB3C137E41}.Debug|Any CPU.Build.0 = Debug|Any CPU
		{371545AC-AE56-4A1A-9D3D-78EB3C137E41}.Release|Any CPU.ActiveCfg = Release|Any CPU
		{371545AC-AE56-4A1A-9D3D-78EB3C137E41}.Release|Any CPU.Build.0 = Release|Any CPU
		{B8516F13-FDAD-4582-974D-3E53A1B98202}.Debug|Any CPU.ActiveCfg = Debug|Any CPU
		{B8516F13-FDAD-4582-974D-3E53A1B98202}.Debug|Any CPU.Build.0 = Debug|Any CPU
		{B8516F13-FDAD-4582-974D-3E53A1B98202}.Release|Any CPU.ActiveCfg = Release|Any CPU
		{B8516F13-FDAD-4582-974D-3E53A1B98202}.Release|Any CPU.Build.0 = Release|Any CPU
		{0FAE9047-727D-4A81-97A9-ABA7039BC395}.Debug|Any CPU.ActiveCfg = Debug|Any CPU
		{0FAE9047-727D-4A81-97A9-ABA7039BC395}.Debug|Any CPU.Build.0 = Debug|Any CPU
		{0FAE9047-727D-4A81-97A9-ABA7039BC395}.Release|Any CPU.ActiveCfg = Release|Any CPU
		{0FAE9047-727D-4A81-97A9-ABA7039BC395}.Release|Any CPU.Build.0 = Release|Any CPU
		{E884E39E-211C-4F88-A503-024EA7D85EB0}.Debug|Any CPU.ActiveCfg = Debug|Any CPU
		{E884E39E-211C-4F88-A503-024EA7D85EB0}.Debug|Any CPU.Build.0 = Debug|Any CPU
		{E884E39E-211C-4F88-A503-024EA7D85EB0}.Release|Any CPU.ActiveCfg = Release|Any CPU
		{E884E39E-211C-4F88-A503-024EA7D85EB0}.Release|Any CPU.Build.0 = Release|Any CPU
		{9A57D319-0FB8-4882-B521-878A3865A526}.Debug|Any CPU.ActiveCfg = Debug|Any CPU
		{9A57D319-0FB8-4882-B521-878A3865A526}.Debug|Any CPU.Build.0 = Debug|Any CPU
		{9A57D319-0FB8-4882-B521-878A3865A526}.Release|Any CPU.ActiveCfg = Release|Any CPU
		{9A57D319-0FB8-4882-B521-878A3865A526}.Release|Any CPU.Build.0 = Release|Any CPU
	EndGlobalSection
	GlobalSection(SolutionProperties) = preSolution
		HideSolutionNode = FALSE
	EndGlobalSection
	GlobalSection(NestedProjects) = preSolution
		{1A7F4AB9-0993-4E2B-805E-EC2F0A48C718} = {02EA681E-C7D8-13C7-8484-4AC65E1B71E8}
		{584B28A0-8FB8-4D6F-B1DD-463DACA48EC1} = {02EA681E-C7D8-13C7-8484-4AC65E1B71E8}
		{88BDB566-274D-4658-874A-24EE81DD8F4E} = {02EA681E-C7D8-13C7-8484-4AC65E1B71E8}
		{371545AC-AE56-4A1A-9D3D-78EB3C137E41} = {02EA681E-C7D8-13C7-8484-4AC65E1B71E8}
		{B8516F13-FDAD-4582-974D-3E53A1B98202} = {02EA681E-C7D8-13C7-8484-4AC65E1B71E8}
		{0FAE9047-727D-4A81-97A9-ABA7039BC395} = {02EA681E-C7D8-13C7-8484-4AC65E1B71E8}
		{E884E39E-211C-4F88-A503-024EA7D85EB0} = {02EA681E-C7D8-13C7-8484-4AC65E1B71E8}
		{9A57D319-0FB8-4882-B521-878A3865A526} = {02EA681E-C7D8-13C7-8484-4AC65E1B71E8}
	EndGlobalSection
	GlobalSection(ExtensibilityGlobals) = postSolution
		SolutionGuid = {38AC368C-F74C-4983-B137-FBB4BAAEC22F}
	EndGlobalSection
EndGlobal
