
Microsoft Visual Studio Solution File, Format Version 12.00
# Visual Studio Version 17
VisualStudioVersion = 17.11.35222.181
MinimumVisualStudioVersion = 10.0.40219.1
Project("{2150E333-8FDC-42A3-9474-1A3956D46DE8}") = "Domain", "Domain", "{2D0729A9-7A20-4224-A1CD-1DB2AF4A2C49}"
EndProject
Project("{2150E333-8FDC-42A3-9474-1A3956D46DE8}") = "Infra.loc", "Infra.loc", "{11DC7A31-0057-49DC-9DEE-CA53EF9CFAED}"
EndProject
Project("{2150E333-8FDC-42A3-9474-1A3956D46DE8}") = "Infra.Bus", "Infra.Bus", "{092A8E83-A04A-4E1C-AA5E-2BC21D075E5F}"
EndProject
Project("{2150E333-8FDC-42A3-9474-1A3956D46DE8}") = "Microservices", "Microservices", "{2EF014BC-C0EF-4591-977D-30E61E29B00E}"
EndProject
Project("{2150E333-8FDC-42A3-9474-1A3956D46DE8}") = "Presentation", "Presentation", "{3390A00F-1CFA-4B9B-B447-9410C5EA38E3}"
EndProject
Project("{9A19103F-16F7-4668-BE54-9A1E7A4F7556}") = "MicroRabbit.Domain.Core", "MicroRabbit.Domain.Core\MicroRabbit.Domain.Core.csproj", "{DCFBECDB-6132-4BB5-B4E0-79EBB0551F99}"
EndProject
Project("{9A19103F-16F7-4668-BE54-9A1E7A4F7556}") = "MicroRabbit.Infra.Bus", "MicroRabbit.Infra.Bus\MicroRabbit.Infra.Bus.csproj", "{0BFF523D-D193-49EF-AD36-1BFD1DAFC86A}"
EndProject
Project("{9A19103F-16F7-4668-BE54-9A1E7A4F7556}") = "MicroRabbit.Infra.IoC", "MicroRabbit.Infra.IoC\MicroRabbit.Infra.IoC.csproj", "{21D9A1B0-69DB-4E5D-8183-3989E8F53A0D}"
EndProject
Project("{2150E333-8FDC-42A3-9474-1A3956D46DE8}") = "Banking", "Banking", "{CE156228-59BE-499D-A583-284862CD5640}"
EndProject
Project("{2150E333-8FDC-42A3-9474-1A3956D46DE8}") = "Api", "Api", "{302C6BFE-7B4A-466B-A245-3F34C67C7016}"
EndProject
Project("{2150E333-8FDC-42A3-9474-1A3956D46DE8}") = "Application", "Application", "{80EB8285-45AB-47F1-899B-4A4B2D944B82}"
EndProject
Project("{2150E333-8FDC-42A3-9474-1A3956D46DE8}") = "Data", "Data", "{D6766436-EEDC-4696-9670-50AA06302691}"
EndProject
Project("{2150E333-8FDC-42A3-9474-1A3956D46DE8}") = "Domain", "Domain", "{8933289A-03FA-4B54-BBB0-9FF4DE402C8C}"
EndProject
Project("{9A19103F-16F7-4668-BE54-9A1E7A4F7556}") = "MicroRabbit.Bank.Api", "MicroRabbit.Bank.Api\MicroRabbit.Bank.Api.csproj", "{72821882-5BC7-48A1-84DC-CC5C5196B240}"
EndProject
Project("{9A19103F-16F7-4668-BE54-9A1E7A4F7556}") = "MicroRabbit.Banking.Application", "MicroRabbit.Banking.Application\MicroRabbit.Banking.Application.csproj", "{57E611B6-8075-45F0-B6E5-B74A02781072}"
EndProject
Project("{9A19103F-16F7-4668-BE54-9A1E7A4F7556}") = "MicroRabbit.Banking.Data", "MicroRabbit.Banking.Data\MicroRabbit.Banking.Data.csproj", "{4063A0C2-18A8-4C01-9BAC-E318C564D980}"
EndProject
Project("{9A19103F-16F7-4668-BE54-9A1E7A4F7556}") = "MicroRabbit.Banking.Domain", "MicroRabbit.Banking.Domain\MicroRabbit.Banking.Domain.csproj", "{D965DB7F-DFA4-4970-8228-1723FD9D6823}"
EndProject
Project("{2150E333-8FDC-42A3-9474-1A3956D46DE8}") = "Transfer", "Transfer", "{A4FDEE37-F1F4-4A30-9FC8-63ECC275D3F6}"
EndProject
Project("{2150E333-8FDC-42A3-9474-1A3956D46DE8}") = "Application", "Application", "{79524FC9-AB31-4C54-9181-841B0C92DC25}"
EndProject
Project("{2150E333-8FDC-42A3-9474-1A3956D46DE8}") = "Api", "Api", "{8863AE32-67C5-4C66-919C-649CD9F1BB90}"
EndProject
Project("{2150E333-8FDC-42A3-9474-1A3956D46DE8}") = "Data", "Data", "{7676A398-22D1-4C6E-9728-7FA83616DF5B}"
EndProject
Project("{2150E333-8FDC-42A3-9474-1A3956D46DE8}") = "Domain", "Domain", "{55146856-7B04-4134-9319-77360788B15F}"
EndProject
Project("{9A19103F-16F7-4668-BE54-9A1E7A4F7556}") = "MicroRabbit.Transfer.Api", "MicroRabbit.Transfer.Api\MicroRabbit.Transfer.Api.csproj", "{4167414B-7ADF-4974-A537-56F25DDEAE00}"
EndProject
Project("{9A19103F-16F7-4668-BE54-9A1E7A4F7556}") = "MicroRabbit.Transfer.Application", "MicroRabbit.Transfer.Application\MicroRabbit.Transfer.Application.csproj", "{14C37440-3941-4AF6-B1FE-3312300F4B08}"
EndProject
Project("{9A19103F-16F7-4668-BE54-9A1E7A4F7556}") = "MicroRabbit.Transfer.Data", "MicroRabbit.Transfer.Data\MicroRabbit.Transfer.Data.csproj", "{15D56F36-FBAC-4B23-8BA8-A944DDFD1FBA}"
EndProject
Project("{9A19103F-16F7-4668-BE54-9A1E7A4F7556}") = "MicroRabbit.Transfer.Domain", "MicroRabbit.Transfer.Domain\MicroRabbit.Transfer.Domain.csproj", "{0801D245-DFAB-4089-8622-CB40D917E176}"
EndProject
Project("{FAE04EC0-301F-11D3-BF4B-00C04F79EFBC}") = "MicroRabbit.MVC", "MicroRabbit.MVC\MicroRabbit.MVC.csproj", "{F65B23E4-F5F1-474D-8AEB-60D7C6160579}"
EndProject
Global
	GlobalSection(SolutionConfigurationPlatforms) = preSolution
		Debug|Any CPU = Debug|Any CPU
		Release|Any CPU = Release|Any CPU
	EndGlobalSection
	GlobalSection(ProjectConfigurationPlatforms) = postSolution
		{DCFBECDB-6132-4BB5-B4E0-79EBB0551F99}.Debug|Any CPU.ActiveCfg = Debug|Any CPU
		{DCFBECDB-6132-4BB5-B4E0-79EBB0551F99}.Debug|Any CPU.Build.0 = Debug|Any CPU
		{DCFBECDB-6132-4BB5-B4E0-79EBB0551F99}.Release|Any CPU.ActiveCfg = Release|Any CPU
		{DCFBECDB-6132-4BB5-B4E0-79EBB0551F99}.Release|Any CPU.Build.0 = Release|Any CPU
		{0BFF523D-D193-49EF-AD36-1BFD1DAFC86A}.Debug|Any CPU.ActiveCfg = Debug|Any CPU
		{0BFF523D-D193-49EF-AD36-1BFD1DAFC86A}.Debug|Any CPU.Build.0 = Debug|Any CPU
		{0BFF523D-D193-49EF-AD36-1BFD1DAFC86A}.Release|Any CPU.ActiveCfg = Release|Any CPU
		{0BFF523D-D193-49EF-AD36-1BFD1DAFC86A}.Release|Any CPU.Build.0 = Release|Any CPU
		{21D9A1B0-69DB-4E5D-8183-3989E8F53A0D}.Debug|Any CPU.ActiveCfg = Debug|Any CPU
		{21D9A1B0-69DB-4E5D-8183-3989E8F53A0D}.Debug|Any CPU.Build.0 = Debug|Any CPU
		{21D9A1B0-69DB-4E5D-8183-3989E8F53A0D}.Release|Any CPU.ActiveCfg = Release|Any CPU
		{21D9A1B0-69DB-4E5D-8183-3989E8F53A0D}.Release|Any CPU.Build.0 = Release|Any CPU
		{72821882-5BC7-48A1-84DC-CC5C5196B240}.Debug|Any CPU.ActiveCfg = Debug|Any CPU
		{72821882-5BC7-48A1-84DC-CC5C5196B240}.Debug|Any CPU.Build.0 = Debug|Any CPU
		{72821882-5BC7-48A1-84DC-CC5C5196B240}.Release|Any CPU.ActiveCfg = Release|Any CPU
		{72821882-5BC7-48A1-84DC-CC5C5196B240}.Release|Any CPU.Build.0 = Release|Any CPU
		{57E611B6-8075-45F0-B6E5-B74A02781072}.Debug|Any CPU.ActiveCfg = Debug|Any CPU
		{57E611B6-8075-45F0-B6E5-B74A02781072}.Debug|Any CPU.Build.0 = Debug|Any CPU
		{57E611B6-8075-45F0-B6E5-B74A02781072}.Release|Any CPU.ActiveCfg = Release|Any CPU
		{57E611B6-8075-45F0-B6E5-B74A02781072}.Release|Any CPU.Build.0 = Release|Any CPU
		{4063A0C2-18A8-4C01-9BAC-E318C564D980}.Debug|Any CPU.ActiveCfg = Debug|Any CPU
		{4063A0C2-18A8-4C01-9BAC-E318C564D980}.Debug|Any CPU.Build.0 = Debug|Any CPU
		{4063A0C2-18A8-4C01-9BAC-E318C564D980}.Release|Any CPU.ActiveCfg = Release|Any CPU
		{4063A0C2-18A8-4C01-9BAC-E318C564D980}.Release|Any CPU.Build.0 = Release|Any CPU
		{D965DB7F-DFA4-4970-8228-1723FD9D6823}.Debug|Any CPU.ActiveCfg = Debug|Any CPU
		{D965DB7F-DFA4-4970-8228-1723FD9D6823}.Debug|Any CPU.Build.0 = Debug|Any CPU
		{D965DB7F-DFA4-4970-8228-1723FD9D6823}.Release|Any CPU.ActiveCfg = Release|Any CPU
		{D965DB7F-DFA4-4970-8228-1723FD9D6823}.Release|Any CPU.Build.0 = Release|Any CPU
		{4167414B-7ADF-4974-A537-56F25DDEAE00}.Debug|Any CPU.ActiveCfg = Debug|Any CPU
		{4167414B-7ADF-4974-A537-56F25DDEAE00}.Debug|Any CPU.Build.0 = Debug|Any CPU
		{4167414B-7ADF-4974-A537-56F25DDEAE00}.Release|Any CPU.ActiveCfg = Release|Any CPU
		{4167414B-7ADF-4974-A537-56F25DDEAE00}.Release|Any CPU.Build.0 = Release|Any CPU
		{14C37440-3941-4AF6-B1FE-3312300F4B08}.Debug|Any CPU.ActiveCfg = Debug|Any CPU
		{14C37440-3941-4AF6-B1FE-3312300F4B08}.Debug|Any CPU.Build.0 = Debug|Any CPU
		{14C37440-3941-4AF6-B1FE-3312300F4B08}.Release|Any CPU.ActiveCfg = Release|Any CPU
		{14C37440-3941-4AF6-B1FE-3312300F4B08}.Release|Any CPU.Build.0 = Release|Any CPU
		{15D56F36-FBAC-4B23-8BA8-A944DDFD1FBA}.Debug|Any CPU.ActiveCfg = Debug|Any CPU
		{15D56F36-FBAC-4B23-8BA8-A944DDFD1FBA}.Debug|Any CPU.Build.0 = Debug|Any CPU
		{15D56F36-FBAC-4B23-8BA8-A944DDFD1FBA}.Release|Any CPU.ActiveCfg = Release|Any CPU
		{15D56F36-FBAC-4B23-8BA8-A944DDFD1FBA}.Release|Any CPU.Build.0 = Release|Any CPU
		{0801D245-DFAB-4089-8622-CB40D917E176}.Debug|Any CPU.ActiveCfg = Debug|Any CPU
		{0801D245-DFAB-4089-8622-CB40D917E176}.Debug|Any CPU.Build.0 = Debug|Any CPU
		{0801D245-DFAB-4089-8622-CB40D917E176}.Release|Any CPU.ActiveCfg = Release|Any CPU
		{0801D245-DFAB-4089-8622-CB40D917E176}.Release|Any CPU.Build.0 = Release|Any CPU
		{F65B23E4-F5F1-474D-8AEB-60D7C6160579}.Debug|Any CPU.ActiveCfg = Debug|Any CPU
		{F65B23E4-F5F1-474D-8AEB-60D7C6160579}.Debug|Any CPU.Build.0 = Debug|Any CPU
		{F65B23E4-F5F1-474D-8AEB-60D7C6160579}.Release|Any CPU.ActiveCfg = Release|Any CPU
		{F65B23E4-F5F1-474D-8AEB-60D7C6160579}.Release|Any CPU.Build.0 = Release|Any CPU
	EndGlobalSection
	GlobalSection(SolutionProperties) = preSolution
		HideSolutionNode = FALSE
	EndGlobalSection
	GlobalSection(NestedProjects) = preSolution
		{DCFBECDB-6132-4BB5-B4E0-79EBB0551F99} = {2D0729A9-7A20-4224-A1CD-1DB2AF4A2C49}
		{0BFF523D-D193-49EF-AD36-1BFD1DAFC86A} = {092A8E83-A04A-4E1C-AA5E-2BC21D075E5F}
		{21D9A1B0-69DB-4E5D-8183-3989E8F53A0D} = {11DC7A31-0057-49DC-9DEE-CA53EF9CFAED}
		{CE156228-59BE-499D-A583-284862CD5640} = {2EF014BC-C0EF-4591-977D-30E61E29B00E}
		{302C6BFE-7B4A-466B-A245-3F34C67C7016} = {CE156228-59BE-499D-A583-284862CD5640}
		{80EB8285-45AB-47F1-899B-4A4B2D944B82} = {CE156228-59BE-499D-A583-284862CD5640}
		{D6766436-EEDC-4696-9670-50AA06302691} = {CE156228-59BE-499D-A583-284862CD5640}
		{8933289A-03FA-4B54-BBB0-9FF4DE402C8C} = {CE156228-59BE-499D-A583-284862CD5640}
		{72821882-5BC7-48A1-84DC-CC5C5196B240} = {302C6BFE-7B4A-466B-A245-3F34C67C7016}
		{57E611B6-8075-45F0-B6E5-B74A02781072} = {80EB8285-45AB-47F1-899B-4A4B2D944B82}
		{4063A0C2-18A8-4C01-9BAC-E318C564D980} = {D6766436-EEDC-4696-9670-50AA06302691}
		{D965DB7F-DFA4-4970-8228-1723FD9D6823} = {8933289A-03FA-4B54-BBB0-9FF4DE402C8C}
		{A4FDEE37-F1F4-4A30-9FC8-63ECC275D3F6} = {2EF014BC-C0EF-4591-977D-30E61E29B00E}
		{79524FC9-AB31-4C54-9181-841B0C92DC25} = {A4FDEE37-F1F4-4A30-9FC8-63ECC275D3F6}
		{8863AE32-67C5-4C66-919C-649CD9F1BB90} = {A4FDEE37-F1F4-4A30-9FC8-63ECC275D3F6}
		{7676A398-22D1-4C6E-9728-7FA83616DF5B} = {A4FDEE37-F1F4-4A30-9FC8-63ECC275D3F6}
		{55146856-7B04-4134-9319-77360788B15F} = {A4FDEE37-F1F4-4A30-9FC8-63ECC275D3F6}
		{4167414B-7ADF-4974-A537-56F25DDEAE00} = {8863AE32-67C5-4C66-919C-649CD9F1BB90}
		{14C37440-3941-4AF6-B1FE-3312300F4B08} = {79524FC9-AB31-4C54-9181-841B0C92DC25}
		{15D56F36-FBAC-4B23-8BA8-A944DDFD1FBA} = {7676A398-22D1-4C6E-9728-7FA83616DF5B}
		{0801D245-DFAB-4089-8622-CB40D917E176} = {55146856-7B04-4134-9319-77360788B15F}
		{F65B23E4-F5F1-474D-8AEB-60D7C6160579} = {3390A00F-1CFA-4B9B-B447-9410C5EA38E3}
	EndGlobalSection
	GlobalSection(ExtensibilityGlobals) = postSolution
		SolutionGuid = {520E9714-7486-41AE-B825-216DF00D8628}
	EndGlobalSection
EndGlobal
